
Microsoft Visual Studio Solution File, Format Version 12.00
# Visual Studio Version 17
VisualStudioVersion = 17.10.34916.146
MinimumVisualStudioVersion = 10.0.40219.1
Project("{2150E333-8FDC-42A3-9474-1A3956D46DE8}") = "Services", "Services", "{3ABFD3E7-8301-41D9-82C0-761D053CB145}"
EndProject
Project("{2150E333-8FDC-42A3-9474-1A3956D46DE8}") = "MagicServices", "MagicServices", "{C559CC7F-D638-4AE0-A705-28B0574EBF6C}"
EndProject
Project("{9A19103F-16F7-4668-BE54-9A1E7A4F7556}") = "MagicServices.API", "Services\MagicServices\MagicServices.API\MagicServices.API.csproj", "{2EC2D9E9-6356-4712-9D33-57F207B268B8}"
EndProject
Project("{FAE04EC0-301F-11D3-BF4B-00C04F79EFBC}") = "Magic.Domain", "Services\MagicServices\Magic.Domain\Magic.Domain.csproj", "{E3289D4B-4D22-4B8C-A242-0D00CACD8035}"
EndProject
Project("{FAE04EC0-301F-11D3-BF4B-00C04F79EFBC}") = "Magic.Application", "Services\MagicServices\Magic.Application\Magic.Application.csproj", "{2A9E5A1B-3521-447D-B9B3-852C132D53D6}"
EndProject
Project("{FAE04EC0-301F-11D3-BF4B-00C04F79EFBC}") = "Magic.Infrastructure", "Services\MagicServices\Magic.Infrastructure\Magic.Infrastructure.csproj", "{3EB44A33-2EBA-43CE-97F2-12E0BE039628}"
EndProject
Project("{2150E333-8FDC-42A3-9474-1A3956D46DE8}") = "BuildingBlocks", "BuildingBlocks", "{7B7F2729-ABEB-472A-A1EE-FB6733E8E006}"
EndProject
Project("{FAE04EC0-301F-11D3-BF4B-00C04F79EFBC}") = "BuildingBlocks", "BuildingBlocks\BuildingBlocks\BuildingBlocks.csproj", "{C37B29C1-A196-43E4-8E82-919B63A12A4F}"
EndProject
Project("{FAE04EC0-301F-11D3-BF4B-00C04F79EFBC}") = "BuildingBlocks.Messaging", "BuildingBlocks\BuildingBlocks.Messaging\BuildingBlocks.Messaging.csproj", "{7FC40CAA-08A4-4C31-A8FC-97C0157E8E57}"
EndProject
Project("{2150E333-8FDC-42A3-9474-1A3956D46DE8}") = "ExternalProviders", "ExternalProviders", "{2B5F7BDE-ADD6-426A-9C15-CEA2AA06BD41}"
EndProject
Project("{FAE04EC0-301F-11D3-BF4B-00C04F79EFBC}") = "Provider.Domain", "Services\ExternalProviders\Provider.Domain\Provider.Domain.csproj", "{D7A11285-A659-4C93-A873-A7E734A17F9F}"
EndProject
Project("{FAE04EC0-301F-11D3-BF4B-00C04F79EFBC}") = "Provider.Infrastructure", "Services\ExternalProviders\Provider.Infrastructure\Provider.Infrastructure.csproj", "{E5873596-4D59-4549-8BA9-CE957CF1A2E2}"
EndProject
Project("{FAE04EC0-301F-11D3-BF4B-00C04F79EFBC}") = "Provider.Grpc", "Services\ExternalProviders\Provider.Grpc\Provider.Grpc.csproj", "{DC1F7993-FCE9-41E3-BC8F-60D5D019C090}"
EndProject
Project("{FAE04EC0-301F-11D3-BF4B-00C04F79EFBC}") = "Provider.Application", "Services\ExternalProviders\Provider.Application\Provider.Application.csproj", "{87FC029D-18B6-4E27-B3CA-035C07B45B73}"
EndProject
Global
	GlobalSection(SolutionConfigurationPlatforms) = preSolution
		Debug|Any CPU = Debug|Any CPU
		Release|Any CPU = Release|Any CPU
	EndGlobalSection
	GlobalSection(ProjectConfigurationPlatforms) = postSolution
		{2EC2D9E9-6356-4712-9D33-57F207B268B8}.Debug|Any CPU.ActiveCfg = Debug|Any CPU
		{2EC2D9E9-6356-4712-9D33-57F207B268B8}.Debug|Any CPU.Build.0 = Debug|Any CPU
		{2EC2D9E9-6356-4712-9D33-57F207B268B8}.Release|Any CPU.ActiveCfg = Release|Any CPU
		{2EC2D9E9-6356-4712-9D33-57F207B268B8}.Release|Any CPU.Build.0 = Release|Any CPU
		{E3289D4B-4D22-4B8C-A242-0D00CACD8035}.Debug|Any CPU.ActiveCfg = Debug|Any CPU
		{E3289D4B-4D22-4B8C-A242-0D00CACD8035}.Debug|Any CPU.Build.0 = Debug|Any CPU
		{E3289D4B-4D22-4B8C-A242-0D00CACD8035}.Release|Any CPU.ActiveCfg = Release|Any CPU
		{E3289D4B-4D22-4B8C-A242-0D00CACD8035}.Release|Any CPU.Build.0 = Release|Any CPU
		{2A9E5A1B-3521-447D-B9B3-852C132D53D6}.Debug|Any CPU.ActiveCfg = Debug|Any CPU
		{2A9E5A1B-3521-447D-B9B3-852C132D53D6}.Debug|Any CPU.Build.0 = Debug|Any CPU
		{2A9E5A1B-3521-447D-B9B3-852C132D53D6}.Release|Any CPU.ActiveCfg = Release|Any CPU
		{2A9E5A1B-3521-447D-B9B3-852C132D53D6}.Release|Any CPU.Build.0 = Release|Any CPU
		{3EB44A33-2EBA-43CE-97F2-12E0BE039628}.Debug|Any CPU.ActiveCfg = Debug|Any CPU
		{3EB44A33-2EBA-43CE-97F2-12E0BE039628}.Debug|Any CPU.Build.0 = Debug|Any CPU
		{3EB44A33-2EBA-43CE-97F2-12E0BE039628}.Release|Any CPU.ActiveCfg = Release|Any CPU
		{3EB44A33-2EBA-43CE-97F2-12E0BE039628}.Release|Any CPU.Build.0 = Release|Any CPU
		{C37B29C1-A196-43E4-8E82-919B63A12A4F}.Debug|Any CPU.ActiveCfg = Debug|Any CPU
		{C37B29C1-A196-43E4-8E82-919B63A12A4F}.Debug|Any CPU.Build.0 = Debug|Any CPU
		{C37B29C1-A196-43E4-8E82-919B63A12A4F}.Release|Any CPU.ActiveCfg = Release|Any CPU
		{C37B29C1-A196-43E4-8E82-919B63A12A4F}.Release|Any CPU.Build.0 = Release|Any CPU
		{7FC40CAA-08A4-4C31-A8FC-97C0157E8E57}.Debug|Any CPU.ActiveCfg = Debug|Any CPU
		{7FC40CAA-08A4-4C31-A8FC-97C0157E8E57}.Debug|Any CPU.Build.0 = Debug|Any CPU
		{7FC40CAA-08A4-4C31-A8FC-97C0157E8E57}.Release|Any CPU.ActiveCfg = Release|Any CPU
		{7FC40CAA-08A4-4C31-A8FC-97C0157E8E57}.Release|Any CPU.Build.0 = Release|Any CPU
		{D7A11285-A659-4C93-A873-A7E734A17F9F}.Debug|Any CPU.ActiveCfg = Debug|Any CPU
		{D7A11285-A659-4C93-A873-A7E734A17F9F}.Debug|Any CPU.Build.0 = Debug|Any CPU
		{D7A11285-A659-4C93-A873-A7E734A17F9F}.Release|Any CPU.ActiveCfg = Release|Any CPU
		{D7A11285-A659-4C93-A873-A7E734A17F9F}.Release|Any CPU.Build.0 = Release|Any CPU
		{E5873596-4D59-4549-8BA9-CE957CF1A2E2}.Debug|Any CPU.ActiveCfg = Debug|Any CPU
		{E5873596-4D59-4549-8BA9-CE957CF1A2E2}.Debug|Any CPU.Build.0 = Debug|Any CPU
		{E5873596-4D59-4549-8BA9-CE957CF1A2E2}.Release|Any CPU.ActiveCfg = Release|Any CPU
		{E5873596-4D59-4549-8BA9-CE957CF1A2E2}.Release|Any CPU.Build.0 = Release|Any CPU
		{DC1F7993-FCE9-41E3-BC8F-60D5D019C090}.Debug|Any CPU.ActiveCfg = Debug|Any CPU
		{DC1F7993-FCE9-41E3-BC8F-60D5D019C090}.Debug|Any CPU.Build.0 = Debug|Any CPU
		{DC1F7993-FCE9-41E3-BC8F-60D5D019C090}.Release|Any CPU.ActiveCfg = Release|Any CPU
		{DC1F7993-FCE9-41E3-BC8F-60D5D019C090}.Release|Any CPU.Build.0 = Release|Any CPU
		{87FC029D-18B6-4E27-B3CA-035C07B45B73}.Debug|Any CPU.ActiveCfg = Debug|Any CPU
		{87FC029D-18B6-4E27-B3CA-035C07B45B73}.Debug|Any CPU.Build.0 = Debug|Any CPU
		{87FC029D-18B6-4E27-B3CA-035C07B45B73}.Release|Any CPU.ActiveCfg = Release|Any CPU
		{87FC029D-18B6-4E27-B3CA-035C07B45B73}.Release|Any CPU.Build.0 = Release|Any CPU
	EndGlobalSection
	GlobalSection(SolutionProperties) = preSolution
		HideSolutionNode = FALSE
	EndGlobalSection
	GlobalSection(NestedProjects) = preSolution
		{C559CC7F-D638-4AE0-A705-28B0574EBF6C} = {3ABFD3E7-8301-41D9-82C0-761D053CB145}
		{2EC2D9E9-6356-4712-9D33-57F207B268B8} = {C559CC7F-D638-4AE0-A705-28B0574EBF6C}
		{E3289D4B-4D22-4B8C-A242-0D00CACD8035} = {C559CC7F-D638-4AE0-A705-28B0574EBF6C}
		{2A9E5A1B-3521-447D-B9B3-852C132D53D6} = {C559CC7F-D638-4AE0-A705-28B0574EBF6C}
		{3EB44A33-2EBA-43CE-97F2-12E0BE039628} = {C559CC7F-D638-4AE0-A705-28B0574EBF6C}
		{C37B29C1-A196-43E4-8E82-919B63A12A4F} = {7B7F2729-ABEB-472A-A1EE-FB6733E8E006}
		{7FC40CAA-08A4-4C31-A8FC-97C0157E8E57} = {7B7F2729-ABEB-472A-A1EE-FB6733E8E006}
		{2B5F7BDE-ADD6-426A-9C15-CEA2AA06BD41} = {3ABFD3E7-8301-41D9-82C0-761D053CB145}
		{D7A11285-A659-4C93-A873-A7E734A17F9F} = {2B5F7BDE-ADD6-426A-9C15-CEA2AA06BD41}
		{E5873596-4D59-4549-8BA9-CE957CF1A2E2} = {2B5F7BDE-ADD6-426A-9C15-CEA2AA06BD41}
		{DC1F7993-FCE9-41E3-BC8F-60D5D019C090} = {2B5F7BDE-ADD6-426A-9C15-CEA2AA06BD41}
		{87FC029D-18B6-4E27-B3CA-035C07B45B73} = {2B5F7BDE-ADD6-426A-9C15-CEA2AA06BD41}
	EndGlobalSection
	GlobalSection(ExtensibilityGlobals) = postSolution
		SolutionGuid = {EB36C611-F125-40B2-B95D-314439F45E7C}
	EndGlobalSection
EndGlobal
